
Microsoft Visual Studio Solution File, Format Version 12.00
# Visual Studio 14
VisualStudioVersion = 14.0.25420.1
MinimumVisualStudioVersion = 10.0.40219.1
Project("{FAE04EC0-301F-11D3-BF4B-00C04F79EFBC}") = "UI", "UI\UI.csproj", "{F6E9240A-3A36-42E4-A7C5-6340A3A4350A}"
	ProjectSection(ProjectDependencies) = postProject
		{2EEC6101-D4FF-4B5B-B473-F414E51F0A2E} = {2EEC6101-D4FF-4B5B-B473-F414E51F0A2E}
		{9B822B62-880F-4ADD-ACF8-3BA3EB9A153E} = {9B822B62-880F-4ADD-ACF8-3BA3EB9A153E}
	EndProjectSection
EndProject
Project("{FAE04EC0-301F-11D3-BF4B-00C04F79EFBC}") = "Bll", "MCP_Bll\Bll.csproj", "{8029D6C6-8248-4BE1-AF1E-AB9D667D098B}"
EndProject
Project("{FAE04EC0-301F-11D3-BF4B-00C04F79EFBC}") = "DAL", "MCP_DAL\DAL.csproj", "{2EEC6101-D4FF-4B5B-B473-F414E51F0A2E}"
EndProject
Project("{2150E333-8FDC-42A3-9474-1A3956D46DE8}") = "Solution Items", "Solution Items", "{B778963B-B78D-48DC-AF81-1E1BC3D7742C}"
EndProject
Project("{FAE04EC0-301F-11D3-BF4B-00C04F79EFBC}") = "Model", "MCP_Model\Model.csproj", "{FE842339-726F-426A-8472-38D8422D82AA}"
EndProject
Project("{FAE04EC0-301F-11D3-BF4B-00C04F79EFBC}") = "DBUitility", "MCP_DBUitility\DBUitility.csproj", "{9B822B62-880F-4ADD-ACF8-3BA3EB9A153E}"
EndProject
Project("{2150E333-8FDC-42A3-9474-1A3956D46DE8}") = ".nuget", ".nuget", "{E85C8982-5F2D-41A3-9935-CA525C36C55D}"
	ProjectSection(SolutionItems) = preProject
		.nuget\NuGet.Config = .nuget\NuGet.Config
		.nuget\NuGet.exe = .nuget\NuGet.exe
		.nuget\NuGet.targets = .nuget\NuGet.targets
	EndProjectSection
EndProject
Project("{FAE04EC0-301F-11D3-BF4B-00C04F79EFBC}") = "ZhuifengLib", "..\MyLib\ZhuifengLib\ZhuifengLib\ZhuifengLib.csproj", "{AC67BE14-18DF-411D-8648-584814F9BC5B}"
EndProject
Global
	GlobalSection(SolutionConfigurationPlatforms) = preSolution
		CD_ROM|Any CPU = CD_ROM|Any CPU
		CD_ROM|Mixed Platforms = CD_ROM|Mixed Platforms
		CD_ROM|x86 = CD_ROM|x86
		Debug|Any CPU = Debug|Any CPU
		Debug|Mixed Platforms = Debug|Mixed Platforms
		Debug|x86 = Debug|x86
		DVD-5|Any CPU = DVD-5|Any CPU
		DVD-5|Mixed Platforms = DVD-5|Mixed Platforms
		DVD-5|x86 = DVD-5|x86
		Release|Any CPU = Release|Any CPU
		Release|Mixed Platforms = Release|Mixed Platforms
		Release|x86 = Release|x86
		SingleImage|Any CPU = SingleImage|Any CPU
		SingleImage|Mixed Platforms = SingleImage|Mixed Platforms
		SingleImage|x86 = SingleImage|x86
	EndGlobalSection
	GlobalSection(ProjectConfigurationPlatforms) = postSolution
		{F6E9240A-3A36-42E4-A7C5-6340A3A4350A}.CD_ROM|Any CPU.ActiveCfg = Release|x86
		{F6E9240A-3A36-42E4-A7C5-6340A3A4350A}.CD_ROM|Mixed Platforms.ActiveCfg = Release|x86
		{F6E9240A-3A36-42E4-A7C5-6340A3A4350A}.CD_ROM|Mixed Platforms.Build.0 = Release|x86
		{F6E9240A-3A36-42E4-A7C5-6340A3A4350A}.CD_ROM|x86.ActiveCfg = Release|x86
		{F6E9240A-3A36-42E4-A7C5-6340A3A4350A}.CD_ROM|x86.Build.0 = Release|x86
		{F6E9240A-3A36-42E4-A7C5-6340A3A4350A}.Debug|Any CPU.ActiveCfg = Debug|x86
		{F6E9240A-3A36-42E4-A7C5-6340A3A4350A}.Debug|Mixed Platforms.ActiveCfg = Debug|x86
		{F6E9240A-3A36-42E4-A7C5-6340A3A4350A}.Debug|Mixed Platforms.Build.0 = Debug|x86
		{F6E9240A-3A36-42E4-A7C5-6340A3A4350A}.Debug|x86.ActiveCfg = Debug|x86
		{F6E9240A-3A36-42E4-A7C5-6340A3A4350A}.Debug|x86.Build.0 = Debug|x86
		{F6E9240A-3A36-42E4-A7C5-6340A3A4350A}.DVD-5|Any CPU.ActiveCfg = Debug|x86
		{F6E9240A-3A36-42E4-A7C5-6340A3A4350A}.DVD-5|Mixed Platforms.ActiveCfg = Debug|x86
		{F6E9240A-3A36-42E4-A7C5-6340A3A4350A}.DVD-5|Mixed Platforms.Build.0 = Debug|x86
		{F6E9240A-3A36-42E4-A7C5-6340A3A4350A}.DVD-5|x86.ActiveCfg = Debug|x86
		{F6E9240A-3A36-42E4-A7C5-6340A3A4350A}.DVD-5|x86.Build.0 = Debug|x86
		{F6E9240A-3A36-42E4-A7C5-6340A3A4350A}.Release|Any CPU.ActiveCfg = Release|x86
		{F6E9240A-3A36-42E4-A7C5-6340A3A4350A}.Release|Mixed Platforms.ActiveCfg = Release|x86
		{F6E9240A-3A36-42E4-A7C5-6340A3A4350A}.Release|Mixed Platforms.Build.0 = Release|x86
		{F6E9240A-3A36-42E4-A7C5-6340A3A4350A}.Release|x86.ActiveCfg = Release|x86
		{F6E9240A-3A36-42E4-A7C5-6340A3A4350A}.Release|x86.Build.0 = Release|x86
		{F6E9240A-3A36-42E4-A7C5-6340A3A4350A}.SingleImage|Any CPU.ActiveCfg = Release|x86
		{F6E9240A-3A36-42E4-A7C5-6340A3A4350A}.SingleImage|Mixed Platforms.ActiveCfg = Release|x86
		{F6E9240A-3A36-42E4-A7C5-6340A3A4350A}.SingleImage|Mixed Platforms.Build.0 = Release|x86
		{F6E9240A-3A36-42E4-A7C5-6340A3A4350A}.SingleImage|x86.ActiveCfg = Release|x86
		{F6E9240A-3A36-42E4-A7C5-6340A3A4350A}.SingleImage|x86.Build.0 = Release|x86
		{8029D6C6-8248-4BE1-AF1E-AB9D667D098B}.CD_ROM|Any CPU.ActiveCfg = Release|Any CPU
		{8029D6C6-8248-4BE1-AF1E-AB9D667D098B}.CD_ROM|Any CPU.Build.0 = Release|Any CPU
		{8029D6C6-8248-4BE1-AF1E-AB9D667D098B}.CD_ROM|Mixed Platforms.ActiveCfg = Release|Any CPU
		{8029D6C6-8248-4BE1-AF1E-AB9D667D098B}.CD_ROM|Mixed Platforms.Build.0 = Release|Any CPU
		{8029D6C6-8248-4BE1-AF1E-AB9D667D098B}.CD_ROM|x86.ActiveCfg = Release|Any CPU
		{8029D6C6-8248-4BE1-AF1E-AB9D667D098B}.Debug|Any CPU.ActiveCfg = Debug|Any CPU
		{8029D6C6-8248-4BE1-AF1E-AB9D667D098B}.Debug|Any CPU.Build.0 = Debug|Any CPU
		{8029D6C6-8248-4BE1-AF1E-AB9D667D098B}.Debug|Mixed Platforms.ActiveCfg = Debug|Any CPU
		{8029D6C6-8248-4BE1-AF1E-AB9D667D098B}.Debug|Mixed Platforms.Build.0 = Debug|Any CPU
		{8029D6C6-8248-4BE1-AF1E-AB9D667D098B}.Debug|x86.ActiveCfg = Debug|Any CPU
		{8029D6C6-8248-4BE1-AF1E-AB9D667D098B}.DVD-5|Any CPU.ActiveCfg = Debug|Any CPU
		{8029D6C6-8248-4BE1-AF1E-AB9D667D098B}.DVD-5|Any CPU.Build.0 = Debug|Any CPU
		{8029D6C6-8248-4BE1-AF1E-AB9D667D098B}.DVD-5|Mixed Platforms.ActiveCfg = Debug|Any CPU
		{8029D6C6-8248-4BE1-AF1E-AB9D667D098B}.DVD-5|Mixed Platforms.Build.0 = Debug|Any CPU
		{8029D6C6-8248-4BE1-AF1E-AB9D667D098B}.DVD-5|x86.ActiveCfg = Debug|Any CPU
		{8029D6C6-8248-4BE1-AF1E-AB9D667D098B}.Release|Any CPU.ActiveCfg = Release|Any CPU
		{8029D6C6-8248-4BE1-AF1E-AB9D667D098B}.Release|Any CPU.Build.0 = Release|Any CPU
		{8029D6C6-8248-4BE1-AF1E-AB9D667D098B}.Release|Mixed Platforms.ActiveCfg = Release|Any CPU
		{8029D6C6-8248-4BE1-AF1E-AB9D667D098B}.Release|Mixed Platforms.Build.0 = Release|Any CPU
		{8029D6C6-8248-4BE1-AF1E-AB9D667D098B}.Release|x86.ActiveCfg = Release|Any CPU
		{8029D6C6-8248-4BE1-AF1E-AB9D667D098B}.SingleImage|Any CPU.ActiveCfg = Release|Any CPU
		{8029D6C6-8248-4BE1-AF1E-AB9D667D098B}.SingleImage|Any CPU.Build.0 = Release|Any CPU
		{8029D6C6-8248-4BE1-AF1E-AB9D667D098B}.SingleImage|Mixed Platforms.ActiveCfg = Release|Any CPU
		{8029D6C6-8248-4BE1-AF1E-AB9D667D098B}.SingleImage|Mixed Platforms.Build.0 = Release|Any CPU
		{8029D6C6-8248-4BE1-AF1E-AB9D667D098B}.SingleImage|x86.ActiveCfg = Release|Any CPU
		{2EEC6101-D4FF-4B5B-B473-F414E51F0A2E}.CD_ROM|Any CPU.ActiveCfg = Release|Any CPU
		{2EEC6101-D4FF-4B5B-B473-F414E51F0A2E}.CD_ROM|Any CPU.Build.0 = Release|Any CPU
		{2EEC6101-D4FF-4B5B-B473-F414E51F0A2E}.CD_ROM|Mixed Platforms.ActiveCfg = Release|Any CPU
		{2EEC6101-D4FF-4B5B-B473-F414E51F0A2E}.CD_ROM|Mixed Platforms.Build.0 = Release|Any CPU
		{2EEC6101-D4FF-4B5B-B473-F414E51F0A2E}.CD_ROM|x86.ActiveCfg = Release|Any CPU
		{2EEC6101-D4FF-4B5B-B473-F414E51F0A2E}.Debug|Any CPU.ActiveCfg = Debug|Any CPU
		{2EEC6101-D4FF-4B5B-B473-F414E51F0A2E}.Debug|Any CPU.Build.0 = Debug|Any CPU
		{2EEC6101-D4FF-4B5B-B473-F414E51F0A2E}.Debug|Mixed Platforms.ActiveCfg = Debug|Any CPU
		{2EEC6101-D4FF-4B5B-B473-F414E51F0A2E}.Debug|Mixed Platforms.Build.0 = Debug|Any CPU
		{2EEC6101-D4FF-4B5B-B473-F414E51F0A2E}.Debug|x86.ActiveCfg = Debug|Any CPU
		{2EEC6101-D4FF-4B5B-B473-F414E51F0A2E}.DVD-5|Any CPU.ActiveCfg = Debug|Any CPU
		{2EEC6101-D4FF-4B5B-B473-F414E51F0A2E}.DVD-5|Any CPU.Build.0 = Debug|Any CPU
		{2EEC6101-D4FF-4B5B-B473-F414E51F0A2E}.DVD-5|Mixed Platforms.ActiveCfg = Debug|Any CPU
		{2EEC6101-D4FF-4B5B-B473-F414E51F0A2E}.DVD-5|Mixed Platforms.Build.0 = Debug|Any CPU
		{2EEC6101-D4FF-4B5B-B473-F414E51F0A2E}.DVD-5|x86.ActiveCfg = Debug|Any CPU
		{2EEC6101-D4FF-4B5B-B473-F414E51F0A2E}.Release|Any CPU.ActiveCfg = Release|Any CPU
		{2EEC6101-D4FF-4B5B-B473-F414E51F0A2E}.Release|Any CPU.Build.0 = Release|Any CPU
		{2EEC6101-D4FF-4B5B-B473-F414E51F0A2E}.Release|Mixed Platforms.ActiveCfg = Release|Any CPU
		{2EEC6101-D4FF-4B5B-B473-F414E51F0A2E}.Release|Mixed Platforms.Build.0 = Release|Any CPU
		{2EEC6101-D4FF-4B5B-B473-F414E51F0A2E}.Release|x86.ActiveCfg = Release|Any CPU
		{2EEC6101-D4FF-4B5B-B473-F414E51F0A2E}.SingleImage|Any CPU.ActiveCfg = Release|Any CPU
		{2EEC6101-D4FF-4B5B-B473-F414E51F0A2E}.SingleImage|Any CPU.Build.0 = Release|Any CPU
		{2EEC6101-D4FF-4B5B-B473-F414E51F0A2E}.SingleImage|Mixed Platforms.ActiveCfg = Release|Any CPU
		{2EEC6101-D4FF-4B5B-B473-F414E51F0A2E}.SingleImage|Mixed Platforms.Build.0 = Release|Any CPU
		{2EEC6101-D4FF-4B5B-B473-F414E51F0A2E}.SingleImage|x86.ActiveCfg = Release|Any CPU
		{FE842339-726F-426A-8472-38D8422D82AA}.CD_ROM|Any CPU.ActiveCfg = Release|Any CPU
		{FE842339-726F-426A-8472-38D8422D82AA}.CD_ROM|Any CPU.Build.0 = Release|Any CPU
		{FE842339-726F-426A-8472-38D8422D82AA}.CD_ROM|Mixed Platforms.ActiveCfg = Release|Any CPU
		{FE842339-726F-426A-8472-38D8422D82AA}.CD_ROM|Mixed Platforms.Build.0 = Release|Any CPU
		{FE842339-726F-426A-8472-38D8422D82AA}.CD_ROM|x86.ActiveCfg = Release|Any CPU
		{FE842339-726F-426A-8472-38D8422D82AA}.Debug|Any CPU.ActiveCfg = Debug|Any CPU
		{FE842339-726F-426A-8472-38D8422D82AA}.Debug|Any CPU.Build.0 = Debug|Any CPU
		{FE842339-726F-426A-8472-38D8422D82AA}.Debug|Mixed Platforms.ActiveCfg = Debug|Any CPU
		{FE842339-726F-426A-8472-38D8422D82AA}.Debug|Mixed Platforms.Build.0 = Debug|Any CPU
		{FE842339-726F-426A-8472-38D8422D82AA}.Debug|x86.ActiveCfg = Debug|Any CPU
		{FE842339-726F-426A-8472-38D8422D82AA}.DVD-5|Any CPU.ActiveCfg = Debug|Any CPU
		{FE842339-726F-426A-8472-38D8422D82AA}.DVD-5|Any CPU.Build.0 = Debug|Any CPU
		{FE842339-726F-426A-8472-38D8422D82AA}.DVD-5|Mixed Platforms.ActiveCfg = Debug|Any CPU
		{FE842339-726F-426A-8472-38D8422D82AA}.DVD-5|Mixed Platforms.Build.0 = Debug|Any CPU
		{FE842339-726F-426A-8472-38D8422D82AA}.DVD-5|x86.ActiveCfg = Debug|Any CPU
		{FE842339-726F-426A-8472-38D8422D82AA}.Release|Any CPU.ActiveCfg = Release|Any CPU
		{FE842339-726F-426A-8472-38D8422D82AA}.Release|Any CPU.Build.0 = Release|Any CPU
		{FE842339-726F-426A-8472-38D8422D82AA}.Release|Mixed Platforms.ActiveCfg = Release|Any CPU
		{FE842339-726F-426A-8472-38D8422D82AA}.Release|Mixed Platforms.Build.0 = Release|Any CPU
		{FE842339-726F-426A-8472-38D8422D82AA}.Release|x86.ActiveCfg = Release|Any CPU
		{FE842339-726F-426A-8472-38D8422D82AA}.SingleImage|Any CPU.ActiveCfg = Release|Any CPU
		{FE842339-726F-426A-8472-38D8422D82AA}.SingleImage|Any CPU.Build.0 = Release|Any CPU
		{FE842339-726F-426A-8472-38D8422D82AA}.SingleImage|Mixed Platforms.ActiveCfg = Release|Any CPU
		{FE842339-726F-426A-8472-38D8422D82AA}.SingleImage|Mixed Platforms.Build.0 = Release|Any CPU
		{FE842339-726F-426A-8472-38D8422D82AA}.SingleImage|x86.ActiveCfg = Release|Any CPU
		{9B822B62-880F-4ADD-ACF8-3BA3EB9A153E}.CD_ROM|Any CPU.ActiveCfg = Release|Any CPU
		{9B822B62-880F-4ADD-ACF8-3BA3EB9A153E}.CD_ROM|Any CPU.Build.0 = Release|Any CPU
		{9B822B62-880F-4ADD-ACF8-3BA3EB9A153E}.CD_ROM|Mixed Platforms.ActiveCfg = Release|Any CPU
		{9B822B62-880F-4ADD-ACF8-3BA3EB9A153E}.CD_ROM|Mixed Platforms.Build.0 = Release|Any CPU
		{9B822B62-880F-4ADD-ACF8-3BA3EB9A153E}.CD_ROM|x86.ActiveCfg = Release|Any CPU
		{9B822B62-880F-4ADD-ACF8-3BA3EB9A153E}.Debug|Any CPU.ActiveCfg = Debug|Any CPU
		{9B822B62-880F-4ADD-ACF8-3BA3EB9A153E}.Debug|Any CPU.Build.0 = Debug|Any CPU
		{9B822B62-880F-4ADD-ACF8-3BA3EB9A153E}.Debug|Mixed Platforms.ActiveCfg = Debug|Any CPU
		{9B822B62-880F-4ADD-ACF8-3BA3EB9A153E}.Debug|Mixed Platforms.Build.0 = Debug|Any CPU
		{9B822B62-880F-4ADD-ACF8-3BA3EB9A153E}.Debug|x86.ActiveCfg = Debug|Any CPU
		{9B822B62-880F-4ADD-ACF8-3BA3EB9A153E}.DVD-5|Any CPU.ActiveCfg = Debug|Any CPU
		{9B822B62-880F-4ADD-ACF8-3BA3EB9A153E}.DVD-5|Any CPU.Build.0 = Debug|Any CPU
		{9B822B62-880F-4ADD-ACF8-3BA3EB9A153E}.DVD-5|Mixed Platforms.ActiveCfg = Debug|Any CPU
		{9B822B62-880F-4ADD-ACF8-3BA3EB9A153E}.DVD-5|Mixed Platforms.Build.0 = Debug|Any CPU
		{9B822B62-880F-4ADD-ACF8-3BA3EB9A153E}.DVD-5|x86.ActiveCfg = Debug|Any CPU
		{9B822B62-880F-4ADD-ACF8-3BA3EB9A153E}.Release|Any CPU.ActiveCfg = Release|Any CPU
		{9B822B62-880F-4ADD-ACF8-3BA3EB9A153E}.Release|Any CPU.Build.0 = Release|Any CPU
		{9B822B62-880F-4ADD-ACF8-3BA3EB9A153E}.Release|Mixed Platforms.ActiveCfg = Release|Any CPU
		{9B822B62-880F-4ADD-ACF8-3BA3EB9A153E}.Release|Mixed Platforms.Build.0 = Release|Any CPU
		{9B822B62-880F-4ADD-ACF8-3BA3EB9A153E}.Release|x86.ActiveCfg = Release|Any CPU
		{9B822B62-880F-4ADD-ACF8-3BA3EB9A153E}.SingleImage|Any CPU.ActiveCfg = Release|Any CPU
		{9B822B62-880F-4ADD-ACF8-3BA3EB9A153E}.SingleImage|Any CPU.Build.0 = Release|Any CPU
		{9B822B62-880F-4ADD-ACF8-3BA3EB9A153E}.SingleImage|Mixed Platforms.ActiveCfg = Release|Any CPU
		{9B822B62-880F-4ADD-ACF8-3BA3EB9A153E}.SingleImage|Mixed Platforms.Build.0 = Release|Any CPU
		{9B822B62-880F-4ADD-ACF8-3BA3EB9A153E}.SingleImage|x86.ActiveCfg = Release|Any CPU
		{AC67BE14-18DF-411D-8648-584814F9BC5B}.CD_ROM|Any CPU.ActiveCfg = Release|Any CPU
		{AC67BE14-18DF-411D-8648-584814F9BC5B}.CD_ROM|Any CPU.Build.0 = Release|Any CPU
		{AC67BE14-18DF-411D-8648-584814F9BC5B}.CD_ROM|Mixed Platforms.ActiveCfg = Release|Any CPU
		{AC67BE14-18DF-411D-8648-584814F9BC5B}.CD_ROM|Mixed Platforms.Build.0 = Release|Any CPU
		{AC67BE14-18DF-411D-8648-584814F9BC5B}.CD_ROM|x86.ActiveCfg = Release|Any CPU
		{AC67BE14-18DF-411D-8648-584814F9BC5B}.Debug|Any CPU.ActiveCfg = Debug|Any CPU
		{AC67BE14-18DF-411D-8648-584814F9BC5B}.Debug|Any CPU.Build.0 = Debug|Any CPU
		{AC67BE14-18DF-411D-8648-584814F9BC5B}.Debug|Mixed Platforms.ActiveCfg = Debug|Any CPU
		{AC67BE14-18DF-411D-8648-584814F9BC5B}.Debug|Mixed Platforms.Build.0 = Debug|Any CPU
		{AC67BE14-18DF-411D-8648-584814F9BC5B}.Debug|x86.ActiveCfg = Debug|Any CPU
		{AC67BE14-18DF-411D-8648-584814F9BC5B}.DVD-5|Any CPU.ActiveCfg = Debug|Any CPU
		{AC67BE14-18DF-411D-8648-584814F9BC5B}.DVD-5|Any CPU.Build.0 = Debug|Any CPU
		{AC67BE14-18DF-411D-8648-584814F9BC5B}.DVD-5|Mixed Platforms.ActiveCfg = Debug|Any CPU
		{AC67BE14-18DF-411D-8648-584814F9BC5B}.DVD-5|Mixed Platforms.Build.0 = Debug|Any CPU
		{AC67BE14-18DF-411D-8648-584814F9BC5B}.DVD-5|x86.ActiveCfg = Debug|Any CPU
		{AC67BE14-18DF-411D-8648-584814F9BC5B}.Release|Any CPU.ActiveCfg = Release|Any CPU
		{AC67BE14-18DF-411D-8648-584814F9BC5B}.Release|Any CPU.Build.0 = Release|Any CPU
		{AC67BE14-18DF-411D-8648-584814F9BC5B}.Release|Mixed Platforms.ActiveCfg = Release|Any CPU
		{AC67BE14-18DF-411D-8648-584814F9BC5B}.Release|Mixed Platforms.Build.0 = Release|Any CPU
		{AC67BE14-18DF-411D-8648-584814F9BC5B}.Release|x86.ActiveCfg = Release|Any CPU
		{AC67BE14-18DF-411D-8648-584814F9BC5B}.SingleImage|Any CPU.ActiveCfg = Release|Any CPU
		{AC67BE14-18DF-411D-8648-584814F9BC5B}.SingleImage|Any CPU.Build.0 = Release|Any CPU
		{AC67BE14-18DF-411D-8648-584814F9BC5B}.SingleImage|Mixed Platforms.ActiveCfg = Release|Any CPU
		{AC67BE14-18DF-411D-8648-584814F9BC5B}.SingleImage|Mixed Platforms.Build.0 = Release|Any CPU
		{AC67BE14-18DF-411D-8648-584814F9BC5B}.SingleImage|x86.ActiveCfg = Release|Any CPU
	EndGlobalSection
	GlobalSection(SolutionProperties) = preSolution
		HideSolutionNode = FALSE
	EndGlobalSection
	GlobalSection(TestCaseManagementSettings) = postSolution
		CategoryFile = MCP.vsmdi
	EndGlobalSection
EndGlobal
